
Microsoft Visual Studio Solution File, Format Version 12.00
# Visual Studio Version 17
VisualStudioVersion = 17.5.33414.496
MinimumVisualStudioVersion = 10.0.40219.1
Project("{9A19103F-16F7-4668-BE54-9A1E7A4F7556}") = "Backend", "Backend\Backend.csproj", "{4D84AACF-8A28-4DBA-884B-FF303AB07439}"
EndProject
Project("{9A19103F-16F7-4668-BE54-9A1E7A4F7556}") = "Employee", "Employee\Employee.csproj", "{C7FC949A-B686-447E-AB4B-F4F20673F037}"
EndProject
Project("{FAE04EC0-301F-11D3-BF4B-00C04F79EFBC}") = "Frontend", "Frontend\Frontend.csproj", "{DC2CEA74-ED82-4E7B-B03D-11D77CA93EA8}"
EndProject
Global
	GlobalSection(SolutionConfigurationPlatforms) = preSolution
		Debug|Any CPU = Debug|Any CPU
		Release|Any CPU = Release|Any CPU
	EndGlobalSection
	GlobalSection(ProjectConfigurationPlatforms) = postSolution
		{4D84AACF-8A28-4DBA-884B-FF303AB07439}.Debug|Any CPU.ActiveCfg = Debug|Any CPU
		{4D84AACF-8A28-4DBA-884B-FF303AB07439}.Debug|Any CPU.Build.0 = Debug|Any CPU
		{4D84AACF-8A28-4DBA-884B-FF303AB07439}.Release|Any CPU.ActiveCfg = Release|Any CPU
		{4D84AACF-8A28-4DBA-884B-FF303AB07439}.Release|Any CPU.Build.0 = Release|Any CPU
		{C7FC949A-B686-447E-AB4B-F4F20673F037}.Debug|Any CPU.ActiveCfg = Debug|Any CPU
		{C7FC949A-B686-447E-AB4B-F4F20673F037}.Debug|Any CPU.Build.0 = Debug|Any CPU
		{C7FC949A-B686-447E-AB4B-F4F20673F037}.Release|Any CPU.ActiveCfg = Release|Any CPU
		{C7FC949A-B686-447E-AB4B-F4F20673F037}.Release|Any CPU.Build.0 = Release|Any CPU
		{DC2CEA74-ED82-4E7B-B03D-11D77CA93EA8}.Debug|Any CPU.ActiveCfg = Debug|Any CPU
		{DC2CEA74-ED82-4E7B-B03D-11D77CA93EA8}.Debug|Any CPU.Build.0 = Debug|Any CPU
		{DC2CEA74-ED82-4E7B-B03D-11D77CA93EA8}.Release|Any CPU.ActiveCfg = Release|Any CPU
		{DC2CEA74-ED82-4E7B-B03D-11D77CA93EA8}.Release|Any CPU.Build.0 = Release|Any CPU
	EndGlobalSection
	GlobalSection(SolutionProperties) = preSolution
		HideSolutionNode = FALSE
	EndGlobalSection
	GlobalSection(ExtensibilityGlobals) = postSolution
		SolutionGuid = {410C47C0-E7A1-4BEE-BF78-B6FADC58DFD9}
	EndGlobalSection
EndGlobal
